// !$*UTF8*$!
{
	archiveVersion = 1;
	classes = {
	};
	objectVersion = 52;
	objects = {

/* Begin PBXBuildFile section */
		2902428C2391CA240095653D /* LoginView.swift in Sources */ = {isa = PBXBuildFile; fileRef = 2902428B2391CA240095653D /* LoginView.swift */; };
		2902428E2391CBAE0095653D /* LogoutView.swift in Sources */ = {isa = PBXBuildFile; fileRef = 2902428D2391CBAE0095653D /* LogoutView.swift */; };
		290242902391CC280095653D /* RegisterView.swift in Sources */ = {isa = PBXBuildFile; fileRef = 2902428F2391CC280095653D /* RegisterView.swift */; };
		290242932392D4440095653D /* AllPostView.swift in Sources */ = {isa = PBXBuildFile; fileRef = 290242922392D4440095653D /* AllPostView.swift */; };
		290242962392D6AA0095653D /* AddPostView.swift in Sources */ = {isa = PBXBuildFile; fileRef = 290242952392D6AA0095653D /* AddPostView.swift */; };
		290242992392E36C0095653D /* SocialView.swift in Sources */ = {isa = PBXBuildFile; fileRef = 290242982392E36C0095653D /* SocialView.swift */; };
		2902429B2392E3760095653D /* UpdateSocialView.swift in Sources */ = {isa = PBXBuildFile; fileRef = 2902429A2392E3760095653D /* UpdateSocialView.swift */; };
		2902429E239482980095653D /* PostItemView.swift in Sources */ = {isa = PBXBuildFile; fileRef = 2902429D239482980095653D /* PostItemView.swift */; };
		290242A22394E2BB0095653D /* AnyCancellable+olGO.swift in Sources */ = {isa = PBXBuildFile; fileRef = 290242A12394E2BB0095653D /* AnyCancellable+olGO.swift */; };
		290B6667239609D400230D65 /* PostDetailView.swift in Sources */ = {isa = PBXBuildFile; fileRef = 290B6666239609D400230D65 /* PostDetailView.swift */; };
		292D06AE2442693400644D2A /* JSONDecoder+olGO.swift in Sources */ = {isa = PBXBuildFile; fileRef = 292D06AD2442693400644D2A /* JSONDecoder+olGO.swift */; };
		295D6191243A365E00106910 /* PublicUserResponse.swift in Sources */ = {isa = PBXBuildFile; fileRef = 295D618D243A365E00106910 /* PublicUserResponse.swift */; };
		295D6192243A365E00106910 /* AccessTokenResponse.swift in Sources */ = {isa = PBXBuildFile; fileRef = 295D618E243A365E00106910 /* AccessTokenResponse.swift */; };
		295D6193243A365E00106910 /* LoginResponse.swift in Sources */ = {isa = PBXBuildFile; fileRef = 295D618F243A365E00106910 /* LoginResponse.swift */; };
		295D6194243A365E00106910 /* ErrorResponse.swift in Sources */ = {isa = PBXBuildFile; fileRef = 295D6190243A365E00106910 /* ErrorResponse.swift */; };
		29C6114B237E3BA900F673EE /* AppDelegate.swift in Sources */ = {isa = PBXBuildFile; fileRef = 29C6114A237E3BA900F673EE /* AppDelegate.swift */; };
		29C6114D237E3BA900F673EE /* SceneDelegate.swift in Sources */ = {isa = PBXBuildFile; fileRef = 29C6114C237E3BA900F673EE /* SceneDelegate.swift */; };
		29C6114F237E3BA900F673EE /* BaseController.swift in Sources */ = {isa = PBXBuildFile; fileRef = 29C6114E237E3BA900F673EE /* BaseController.swift */; };
		29C61152237E3BA900F673EE /* Main.storyboard in Resources */ = {isa = PBXBuildFile; fileRef = 29C61150237E3BA900F673EE /* Main.storyboard */; };
		29C61154237E3BAB00F673EE /* Assets.xcassets in Resources */ = {isa = PBXBuildFile; fileRef = 29C61153237E3BAB00F673EE /* Assets.xcassets */; };
		29C61157237E3BAB00F673EE /* LaunchScreen.storyboard in Resources */ = {isa = PBXBuildFile; fileRef = 29C61155237E3BAB00F673EE /* LaunchScreen.storyboard */; };
		29C61162237E3BAB00F673EE /* olGOTests.swift in Sources */ = {isa = PBXBuildFile; fileRef = 29C61161237E3BAB00F673EE /* olGOTests.swift */; };
		29C6116D237E3BAB00F673EE /* olGOUITests.swift in Sources */ = {isa = PBXBuildFile; fileRef = 29C6116C237E3BAB00F673EE /* olGOUITests.swift */; };
		29C6117B237E3CB900F673EE /* API.swift in Sources */ = {isa = PBXBuildFile; fileRef = 29C6117A237E3CB900F673EE /* API.swift */; };
		29C6117E237E3CE400F673EE /* SwiftUIKit in Frameworks */ = {isa = PBXBuildFile; productRef = 29C6117D237E3CE400F673EE /* SwiftUIKit */; };
		29C61188237E3E4700F673EE /* User.swift in Sources */ = {isa = PBXBuildFile; fileRef = 29C61186237E3E4700F673EE /* User.swift */; };
		29C61189237E3E4700F673EE /* PostItem.swift in Sources */ = {isa = PBXBuildFile; fileRef = 29C61187237E3E4700F673EE /* PostItem.swift */; };
/* End PBXBuildFile section */

/* Begin PBXContainerItemProxy section */
		29C6115E237E3BAB00F673EE /* PBXContainerItemProxy */ = {
			isa = PBXContainerItemProxy;
			containerPortal = 29C6113F237E3BA900F673EE /* Project object */;
			proxyType = 1;
			remoteGlobalIDString = 29C61146237E3BA900F673EE;
			remoteInfo = olGO;
		};
		29C61169237E3BAB00F673EE /* PBXContainerItemProxy */ = {
			isa = PBXContainerItemProxy;
			containerPortal = 29C6113F237E3BA900F673EE /* Project object */;
			proxyType = 1;
			remoteGlobalIDString = 29C61146237E3BA900F673EE;
			remoteInfo = olGO;
		};
/* End PBXContainerItemProxy section */

/* Begin PBXFileReference section */
		2902428B2391CA240095653D /* LoginView.swift */ = {isa = PBXFileReference; lastKnownFileType = sourcecode.swift; path = LoginView.swift; sourceTree = "<group>"; };
		2902428D2391CBAE0095653D /* LogoutView.swift */ = {isa = PBXFileReference; lastKnownFileType = sourcecode.swift; path = LogoutView.swift; sourceTree = "<group>"; };
		2902428F2391CC280095653D /* RegisterView.swift */ = {isa = PBXFileReference; lastKnownFileType = sourcecode.swift; path = RegisterView.swift; sourceTree = "<group>"; };
		290242922392D4440095653D /* AllPostView.swift */ = {isa = PBXFileReference; lastKnownFileType = sourcecode.swift; path = AllPostView.swift; sourceTree = "<group>"; };
		290242952392D6AA0095653D /* AddPostView.swift */ = {isa = PBXFileReference; lastKnownFileType = sourcecode.swift; path = AddPostView.swift; sourceTree = "<group>"; };
		290242982392E36C0095653D /* SocialView.swift */ = {isa = PBXFileReference; lastKnownFileType = sourcecode.swift; path = SocialView.swift; sourceTree = "<group>"; };
		2902429A2392E3760095653D /* UpdateSocialView.swift */ = {isa = PBXFileReference; lastKnownFileType = sourcecode.swift; path = UpdateSocialView.swift; sourceTree = "<group>"; };
		2902429D239482980095653D /* PostItemView.swift */ = {isa = PBXFileReference; lastKnownFileType = sourcecode.swift; path = PostItemView.swift; sourceTree = "<group>"; };
		290242A12394E2BB0095653D /* AnyCancellable+olGO.swift */ = {isa = PBXFileReference; lastKnownFileType = sourcecode.swift; path = "AnyCancellable+olGO.swift"; sourceTree = "<group>"; };
		290B6666239609D400230D65 /* PostDetailView.swift */ = {isa = PBXFileReference; lastKnownFileType = sourcecode.swift; path = PostDetailView.swift; sourceTree = "<group>"; };
		292D06AD2442693400644D2A /* JSONDecoder+olGO.swift */ = {isa = PBXFileReference; lastKnownFileType = sourcecode.swift; path = "JSONDecoder+olGO.swift"; sourceTree = "<group>"; };
		295D618D243A365E00106910 /* PublicUserResponse.swift */ = {isa = PBXFileReference; fileEncoding = 4; lastKnownFileType = sourcecode.swift; path = PublicUserResponse.swift; sourceTree = "<group>"; };
		295D618E243A365E00106910 /* AccessTokenResponse.swift */ = {isa = PBXFileReference; fileEncoding = 4; lastKnownFileType = sourcecode.swift; path = AccessTokenResponse.swift; sourceTree = "<group>"; };
		295D618F243A365E00106910 /* LoginResponse.swift */ = {isa = PBXFileReference; fileEncoding = 4; lastKnownFileType = sourcecode.swift; path = LoginResponse.swift; sourceTree = "<group>"; };
		295D6190243A365E00106910 /* ErrorResponse.swift */ = {isa = PBXFileReference; fileEncoding = 4; lastKnownFileType = sourcecode.swift; path = ErrorResponse.swift; sourceTree = "<group>"; };
		29C61147237E3BA900F673EE /* olGO.app */ = {isa = PBXFileReference; explicitFileType = wrapper.application; includeInIndex = 0; path = olGO.app; sourceTree = BUILT_PRODUCTS_DIR; };
		29C6114A237E3BA900F673EE /* AppDelegate.swift */ = {isa = PBXFileReference; lastKnownFileType = sourcecode.swift; path = AppDelegate.swift; sourceTree = "<group>"; };
		29C6114C237E3BA900F673EE /* SceneDelegate.swift */ = {isa = PBXFileReference; lastKnownFileType = sourcecode.swift; path = SceneDelegate.swift; sourceTree = "<group>"; };
		29C6114E237E3BA900F673EE /* BaseController.swift */ = {isa = PBXFileReference; lastKnownFileType = sourcecode.swift; path = BaseController.swift; sourceTree = "<group>"; };
		29C61151237E3BA900F673EE /* Base */ = {isa = PBXFileReference; lastKnownFileType = file.storyboard; name = Base; path = Base.lproj/Main.storyboard; sourceTree = "<group>"; };
		29C61153237E3BAB00F673EE /* Assets.xcassets */ = {isa = PBXFileReference; lastKnownFileType = folder.assetcatalog; path = Assets.xcassets; sourceTree = "<group>"; };
		29C61156237E3BAB00F673EE /* Base */ = {isa = PBXFileReference; lastKnownFileType = file.storyboard; name = Base; path = Base.lproj/LaunchScreen.storyboard; sourceTree = "<group>"; };
		29C61158237E3BAB00F673EE /* Info.plist */ = {isa = PBXFileReference; lastKnownFileType = text.plist.xml; path = Info.plist; sourceTree = "<group>"; };
		29C6115D237E3BAB00F673EE /* olGOTests.xctest */ = {isa = PBXFileReference; explicitFileType = wrapper.cfbundle; includeInIndex = 0; path = olGOTests.xctest; sourceTree = BUILT_PRODUCTS_DIR; };
		29C61161237E3BAB00F673EE /* olGOTests.swift */ = {isa = PBXFileReference; lastKnownFileType = sourcecode.swift; path = olGOTests.swift; sourceTree = "<group>"; };
		29C61163237E3BAB00F673EE /* Info.plist */ = {isa = PBXFileReference; lastKnownFileType = text.plist.xml; path = Info.plist; sourceTree = "<group>"; };
		29C61168237E3BAB00F673EE /* olGOUITests.xctest */ = {isa = PBXFileReference; explicitFileType = wrapper.cfbundle; includeInIndex = 0; path = olGOUITests.xctest; sourceTree = BUILT_PRODUCTS_DIR; };
		29C6116C237E3BAB00F673EE /* olGOUITests.swift */ = {isa = PBXFileReference; lastKnownFileType = sourcecode.swift; path = olGOUITests.swift; sourceTree = "<group>"; };
		29C6116E237E3BAB00F673EE /* Info.plist */ = {isa = PBXFileReference; lastKnownFileType = text.plist.xml; path = Info.plist; sourceTree = "<group>"; };
		29C6117A237E3CB900F673EE /* API.swift */ = {isa = PBXFileReference; lastKnownFileType = sourcecode.swift; path = API.swift; sourceTree = "<group>"; };
		29C61186237E3E4700F673EE /* User.swift */ = {isa = PBXFileReference; fileEncoding = 4; lastKnownFileType = sourcecode.swift; path = User.swift; sourceTree = "<group>"; };
		29C61187237E3E4700F673EE /* PostItem.swift */ = {isa = PBXFileReference; fileEncoding = 4; lastKnownFileType = sourcecode.swift; path = PostItem.swift; sourceTree = "<group>"; };
/* End PBXFileReference section */

/* Begin PBXFrameworksBuildPhase section */
		29C61144237E3BA900F673EE /* Frameworks */ = {
			isa = PBXFrameworksBuildPhase;
			buildActionMask = 2147483647;
			files = (
				29C6117E237E3CE400F673EE /* SwiftUIKit in Frameworks */,
			);
			runOnlyForDeploymentPostprocessing = 0;
		};
		29C6115A237E3BAB00F673EE /* Frameworks */ = {
			isa = PBXFrameworksBuildPhase;
			buildActionMask = 2147483647;
			files = (
			);
			runOnlyForDeploymentPostprocessing = 0;
		};
		29C61165237E3BAB00F673EE /* Frameworks */ = {
			isa = PBXFrameworksBuildPhase;
			buildActionMask = 2147483647;
			files = (
			);
			runOnlyForDeploymentPostprocessing = 0;
		};
/* End PBXFrameworksBuildPhase section */

/* Begin PBXGroup section */
		2902428A2391C9D80095653D /* Views */ = {
			isa = PBXGroup;
			children = (
				290242972392E3620095653D /* Social */,
				290242942392D6950095653D /* Posts */,
				290242912392D42F0095653D /* Auth */,
			);
			path = Views;
			sourceTree = "<group>";
		};
		290242912392D42F0095653D /* Auth */ = {
			isa = PBXGroup;
			children = (
				2902428B2391CA240095653D /* LoginView.swift */,
				2902428D2391CBAE0095653D /* LogoutView.swift */,
				2902428F2391CC280095653D /* RegisterView.swift */,
			);
			path = Auth;
			sourceTree = "<group>";
		};
		290242942392D6950095653D /* Posts */ = {
			isa = PBXGroup;
			children = (
				290242922392D4440095653D /* AllPostView.swift */,
				290242952392D6AA0095653D /* AddPostView.swift */,
				2902429D239482980095653D /* PostItemView.swift */,
				290B6666239609D400230D65 /* PostDetailView.swift */,
			);
			path = Posts;
			sourceTree = "<group>";
		};
		290242972392E3620095653D /* Social */ = {
			isa = PBXGroup;
			children = (
				290242982392E36C0095653D /* SocialView.swift */,
				2902429A2392E3760095653D /* UpdateSocialView.swift */,
			);
			path = Social;
			sourceTree = "<group>";
		};
		2902429F2394E28E0095653D /* API */ = {
			isa = PBXGroup;
			children = (
				295D618C243A365E00106910 /* Responses */,
				29C6117A237E3CB900F673EE /* API.swift */,
			);
			path = API;
			sourceTree = "<group>";
		};
		290242A02394E2A00095653D /* Extensions */ = {
			isa = PBXGroup;
			children = (
				290242A12394E2BB0095653D /* AnyCancellable+olGO.swift */,
				292D06AD2442693400644D2A /* JSONDecoder+olGO.swift */,
			);
			path = Extensions;
			sourceTree = "<group>";
		};
		290242A42394E2E10095653D /* Delegates */ = {
			isa = PBXGroup;
			children = (
				29C6114A237E3BA900F673EE /* AppDelegate.swift */,
				29C6114C237E3BA900F673EE /* SceneDelegate.swift */,
			);
			path = Delegates;
			sourceTree = "<group>";
		};
		290242A52394E2EF0095653D /* ViewControllers */ = {
			isa = PBXGroup;
			children = (
				29C6114E237E3BA900F673EE /* BaseController.swift */,
			);
			path = ViewControllers;
			sourceTree = "<group>";
		};
		295D618C243A365E00106910 /* Responses */ = {
			isa = PBXGroup;
			children = (
				295D618D243A365E00106910 /* PublicUserResponse.swift */,
				295D618E243A365E00106910 /* AccessTokenResponse.swift */,
				295D618F243A365E00106910 /* LoginResponse.swift */,
				295D6190243A365E00106910 /* ErrorResponse.swift */,
			);
			path = Responses;
			sourceTree = "<group>";
		};
		29C6113E237E3BA900F673EE = {
			isa = PBXGroup;
			children = (
				29C61149237E3BA900F673EE /* olGO */,
				29C61160237E3BAB00F673EE /* olGOTests */,
				29C6116B237E3BAB00F673EE /* olGOUITests */,
				29C61148237E3BA900F673EE /* Products */,
			);
			sourceTree = "<group>";
		};
		29C61148237E3BA900F673EE /* Products */ = {
			isa = PBXGroup;
			children = (
				29C61147237E3BA900F673EE /* olGO.app */,
				29C6115D237E3BAB00F673EE /* olGOTests.xctest */,
				29C61168237E3BAB00F673EE /* olGOUITests.xctest */,
			);
			name = Products;
			sourceTree = "<group>";
		};
		29C61149237E3BA900F673EE /* olGO */ = {
			isa = PBXGroup;
			children = (
				290242A42394E2E10095653D /* Delegates */,
				290242A02394E2A00095653D /* Extensions */,
				2902429F2394E28E0095653D /* API */,
				2902428A2391C9D80095653D /* Views */,
				29C6118A237E3E4B00F673EE /* Models */,
				290242A52394E2EF0095653D /* ViewControllers */,
				29C61153237E3BAB00F673EE /* Assets.xcassets */,
				29C61150237E3BA900F673EE /* Main.storyboard */,
				29C61155237E3BAB00F673EE /* LaunchScreen.storyboard */,
				29C61158237E3BAB00F673EE /* Info.plist */,
			);
			path = olGO;
			sourceTree = "<group>";
		};
		29C61160237E3BAB00F673EE /* olGOTests */ = {
			isa = PBXGroup;
			children = (
				29C61161237E3BAB00F673EE /* olGOTests.swift */,
				29C61163237E3BAB00F673EE /* Info.plist */,
			);
			path = olGOTests;
			sourceTree = "<group>";
		};
		29C6116B237E3BAB00F673EE /* olGOUITests */ = {
			isa = PBXGroup;
			children = (
				29C6116C237E3BAB00F673EE /* olGOUITests.swift */,
				29C6116E237E3BAB00F673EE /* Info.plist */,
			);
			path = olGOUITests;
			sourceTree = "<group>";
		};
		29C6118A237E3E4B00F673EE /* Models */ = {
			isa = PBXGroup;
			children = (
				29C61187237E3E4700F673EE /* PostItem.swift */,
				29C61186237E3E4700F673EE /* User.swift */,
			);
			path = Models;
			sourceTree = "<group>";
		};
/* End PBXGroup section */

/* Begin PBXNativeTarget section */
		29C61146237E3BA900F673EE /* olGO */ = {
			isa = PBXNativeTarget;
			buildConfigurationList = 29C61171237E3BAB00F673EE /* Build configuration list for PBXNativeTarget "olGO" */;
			buildPhases = (
				29C61143237E3BA900F673EE /* Sources */,
				29C61144237E3BA900F673EE /* Frameworks */,
				29C61145237E3BA900F673EE /* Resources */,
			);
			buildRules = (
			);
			dependencies = (
			);
			name = olGO;
			packageProductDependencies = (
				29C6117D237E3CE400F673EE /* SwiftUIKit */,
			);
			productName = olGO;
			productReference = 29C61147237E3BA900F673EE /* olGO.app */;
			productType = "com.apple.product-type.application";
		};
		29C6115C237E3BAB00F673EE /* olGOTests */ = {
			isa = PBXNativeTarget;
			buildConfigurationList = 29C61174237E3BAB00F673EE /* Build configuration list for PBXNativeTarget "olGOTests" */;
			buildPhases = (
				29C61159237E3BAB00F673EE /* Sources */,
				29C6115A237E3BAB00F673EE /* Frameworks */,
				29C6115B237E3BAB00F673EE /* Resources */,
			);
			buildRules = (
			);
			dependencies = (
				29C6115F237E3BAB00F673EE /* PBXTargetDependency */,
			);
			name = olGOTests;
			productName = olGOTests;
			productReference = 29C6115D237E3BAB00F673EE /* olGOTests.xctest */;
			productType = "com.apple.product-type.bundle.unit-test";
		};
		29C61167237E3BAB00F673EE /* olGOUITests */ = {
			isa = PBXNativeTarget;
			buildConfigurationList = 29C61177237E3BAB00F673EE /* Build configuration list for PBXNativeTarget "olGOUITests" */;
			buildPhases = (
				29C61164237E3BAB00F673EE /* Sources */,
				29C61165237E3BAB00F673EE /* Frameworks */,
				29C61166237E3BAB00F673EE /* Resources */,
			);
			buildRules = (
			);
			dependencies = (
				29C6116A237E3BAB00F673EE /* PBXTargetDependency */,
			);
			name = olGOUITests;
			productName = olGOUITests;
			productReference = 29C61168237E3BAB00F673EE /* olGOUITests.xctest */;
			productType = "com.apple.product-type.bundle.ui-testing";
		};
/* End PBXNativeTarget section */

/* Begin PBXProject section */
		29C6113F237E3BA900F673EE /* Project object */ = {
			isa = PBXProject;
			attributes = {
				LastSwiftUpdateCheck = 1100;
				LastUpgradeCheck = 1100;
				ORGANIZATIONNAME = oneleif;
				TargetAttributes = {
					29C61146237E3BA900F673EE = {
						CreatedOnToolsVersion = 11.0;
					};
					29C6115C237E3BAB00F673EE = {
						CreatedOnToolsVersion = 11.0;
						TestTargetID = 29C61146237E3BA900F673EE;
					};
					29C61167237E3BAB00F673EE = {
						CreatedOnToolsVersion = 11.0;
						TestTargetID = 29C61146237E3BA900F673EE;
					};
				};
			};
			buildConfigurationList = 29C61142237E3BA900F673EE /* Build configuration list for PBXProject "olGO" */;
			compatibilityVersion = "Xcode 9.3";
			developmentRegion = en;
			hasScannedForEncodings = 0;
			knownRegions = (
				en,
				Base,
			);
			mainGroup = 29C6113E237E3BA900F673EE;
			packageReferences = (
				29C6117C237E3CE400F673EE /* XCRemoteSwiftPackageReference "SwiftUIKit" */,
			);
			productRefGroup = 29C61148237E3BA900F673EE /* Products */;
			projectDirPath = "";
			projectRoot = "";
			targets = (
				29C61146237E3BA900F673EE /* olGO */,
				29C6115C237E3BAB00F673EE /* olGOTests */,
				29C61167237E3BAB00F673EE /* olGOUITests */,
			);
		};
/* End PBXProject section */

/* Begin PBXResourcesBuildPhase section */
		29C61145237E3BA900F673EE /* Resources */ = {
			isa = PBXResourcesBuildPhase;
			buildActionMask = 2147483647;
			files = (
				29C61157237E3BAB00F673EE /* LaunchScreen.storyboard in Resources */,
				29C61154237E3BAB00F673EE /* Assets.xcassets in Resources */,
				29C61152237E3BA900F673EE /* Main.storyboard in Resources */,
			);
			runOnlyForDeploymentPostprocessing = 0;
		};
		29C6115B237E3BAB00F673EE /* Resources */ = {
			isa = PBXResourcesBuildPhase;
			buildActionMask = 2147483647;
			files = (
			);
			runOnlyForDeploymentPostprocessing = 0;
		};
		29C61166237E3BAB00F673EE /* Resources */ = {
			isa = PBXResourcesBuildPhase;
			buildActionMask = 2147483647;
			files = (
			);
			runOnlyForDeploymentPostprocessing = 0;
		};
/* End PBXResourcesBuildPhase section */

/* Begin PBXSourcesBuildPhase section */
		29C61143237E3BA900F673EE /* Sources */ = {
			isa = PBXSourcesBuildPhase;
			buildActionMask = 2147483647;
			files = (
				290242902391CC280095653D /* RegisterView.swift in Sources */,
				2902428E2391CBAE0095653D /* LogoutView.swift in Sources */,
				29C61189237E3E4700F673EE /* PostItem.swift in Sources */,
				295D6191243A365E00106910 /* PublicUserResponse.swift in Sources */,
				290B6667239609D400230D65 /* PostDetailView.swift in Sources */,
				2902428C2391CA240095653D /* LoginView.swift in Sources */,
				295D6193243A365E00106910 /* LoginResponse.swift in Sources */,
				290242932392D4440095653D /* AllPostView.swift in Sources */,
				2902429B2392E3760095653D /* UpdateSocialView.swift in Sources */,
				292D06AE2442693400644D2A /* JSONDecoder+olGO.swift in Sources */,
				290242992392E36C0095653D /* SocialView.swift in Sources */,
				2902429E239482980095653D /* PostItemView.swift in Sources */,
				290242A22394E2BB0095653D /* AnyCancellable+olGO.swift in Sources */,
				290242962392D6AA0095653D /* AddPostView.swift in Sources */,
				295D6192243A365E00106910 /* AccessTokenResponse.swift in Sources */,
				29C6114F237E3BA900F673EE /* BaseController.swift in Sources */,
				295D6194243A365E00106910 /* ErrorResponse.swift in Sources */,
				29C6114B237E3BA900F673EE /* AppDelegate.swift in Sources */,
				29C6117B237E3CB900F673EE /* API.swift in Sources */,
				29C61188237E3E4700F673EE /* User.swift in Sources */,
				29C6114D237E3BA900F673EE /* SceneDelegate.swift in Sources */,
			);
			runOnlyForDeploymentPostprocessing = 0;
		};
		29C61159237E3BAB00F673EE /* Sources */ = {
			isa = PBXSourcesBuildPhase;
			buildActionMask = 2147483647;
			files = (
				29C61162237E3BAB00F673EE /* olGOTests.swift in Sources */,
			);
			runOnlyForDeploymentPostprocessing = 0;
		};
		29C61164237E3BAB00F673EE /* Sources */ = {
			isa = PBXSourcesBuildPhase;
			buildActionMask = 2147483647;
			files = (
				29C6116D237E3BAB00F673EE /* olGOUITests.swift in Sources */,
			);
			runOnlyForDeploymentPostprocessing = 0;
		};
/* End PBXSourcesBuildPhase section */

/* Begin PBXTargetDependency section */
		29C6115F237E3BAB00F673EE /* PBXTargetDependency */ = {
			isa = PBXTargetDependency;
			target = 29C61146237E3BA900F673EE /* olGO */;
			targetProxy = 29C6115E237E3BAB00F673EE /* PBXContainerItemProxy */;
		};
		29C6116A237E3BAB00F673EE /* PBXTargetDependency */ = {
			isa = PBXTargetDependency;
			target = 29C61146237E3BA900F673EE /* olGO */;
			targetProxy = 29C61169237E3BAB00F673EE /* PBXContainerItemProxy */;
		};
/* End PBXTargetDependency section */

/* Begin PBXVariantGroup section */
		29C61150237E3BA900F673EE /* Main.storyboard */ = {
			isa = PBXVariantGroup;
			children = (
				29C61151237E3BA900F673EE /* Base */,
			);
			name = Main.storyboard;
			sourceTree = "<group>";
		};
		29C61155237E3BAB00F673EE /* LaunchScreen.storyboard */ = {
			isa = PBXVariantGroup;
			children = (
				29C61156237E3BAB00F673EE /* Base */,
			);
			name = LaunchScreen.storyboard;
			sourceTree = "<group>";
		};
/* End PBXVariantGroup section */

/* Begin XCBuildConfiguration section */
		29C6116F237E3BAB00F673EE /* Debug */ = {
			isa = XCBuildConfiguration;
			buildSettings = {
				ALWAYS_SEARCH_USER_PATHS = NO;
				CLANG_ANALYZER_NONNULL = YES;
				CLANG_ANALYZER_NUMBER_OBJECT_CONVERSION = YES_AGGRESSIVE;
				CLANG_CXX_LANGUAGE_STANDARD = "gnu++14";
				CLANG_CXX_LIBRARY = "libc++";
				CLANG_ENABLE_MODULES = YES;
				CLANG_ENABLE_OBJC_ARC = YES;
				CLANG_ENABLE_OBJC_WEAK = YES;
				CLANG_WARN_BLOCK_CAPTURE_AUTORELEASING = YES;
				CLANG_WARN_BOOL_CONVERSION = YES;
				CLANG_WARN_COMMA = YES;
				CLANG_WARN_CONSTANT_CONVERSION = YES;
				CLANG_WARN_DEPRECATED_OBJC_IMPLEMENTATIONS = YES;
				CLANG_WARN_DIRECT_OBJC_ISA_USAGE = YES_ERROR;
				CLANG_WARN_DOCUMENTATION_COMMENTS = YES;
				CLANG_WARN_EMPTY_BODY = YES;
				CLANG_WARN_ENUM_CONVERSION = YES;
				CLANG_WARN_INFINITE_RECURSION = YES;
				CLANG_WARN_INT_CONVERSION = YES;
				CLANG_WARN_NON_LITERAL_NULL_CONVERSION = YES;
				CLANG_WARN_OBJC_IMPLICIT_RETAIN_SELF = YES;
				CLANG_WARN_OBJC_LITERAL_CONVERSION = YES;
				CLANG_WARN_OBJC_ROOT_CLASS = YES_ERROR;
				CLANG_WARN_RANGE_LOOP_ANALYSIS = YES;
				CLANG_WARN_STRICT_PROTOTYPES = YES;
				CLANG_WARN_SUSPICIOUS_MOVE = YES;
				CLANG_WARN_UNGUARDED_AVAILABILITY = YES_AGGRESSIVE;
				CLANG_WARN_UNREACHABLE_CODE = YES;
				CLANG_WARN__DUPLICATE_METHOD_MATCH = YES;
				COPY_PHASE_STRIP = NO;
				DEBUG_INFORMATION_FORMAT = dwarf;
				ENABLE_STRICT_OBJC_MSGSEND = YES;
				ENABLE_TESTABILITY = YES;
				GCC_C_LANGUAGE_STANDARD = gnu11;
				GCC_DYNAMIC_NO_PIC = NO;
				GCC_NO_COMMON_BLOCKS = YES;
				GCC_OPTIMIZATION_LEVEL = 0;
				GCC_PREPROCESSOR_DEFINITIONS = (
					"DEBUG=1",
					"$(inherited)",
				);
				GCC_WARN_64_TO_32_BIT_CONVERSION = YES;
				GCC_WARN_ABOUT_RETURN_TYPE = YES_ERROR;
				GCC_WARN_UNDECLARED_SELECTOR = YES;
				GCC_WARN_UNINITIALIZED_AUTOS = YES_AGGRESSIVE;
				GCC_WARN_UNUSED_FUNCTION = YES;
				GCC_WARN_UNUSED_VARIABLE = YES;
				IPHONEOS_DEPLOYMENT_TARGET = 13.0;
				MTL_ENABLE_DEBUG_INFO = INCLUDE_SOURCE;
				MTL_FAST_MATH = YES;
				ONLY_ACTIVE_ARCH = YES;
				SDKROOT = iphoneos;
				SWIFT_ACTIVE_COMPILATION_CONDITIONS = DEBUG;
				SWIFT_OPTIMIZATION_LEVEL = "-Onone";
			};
			name = Debug;
		};
		29C61170237E3BAB00F673EE /* Release */ = {
			isa = XCBuildConfiguration;
			buildSettings = {
				ALWAYS_SEARCH_USER_PATHS = NO;
				CLANG_ANALYZER_NONNULL = YES;
				CLANG_ANALYZER_NUMBER_OBJECT_CONVERSION = YES_AGGRESSIVE;
				CLANG_CXX_LANGUAGE_STANDARD = "gnu++14";
				CLANG_CXX_LIBRARY = "libc++";
				CLANG_ENABLE_MODULES = YES;
				CLANG_ENABLE_OBJC_ARC = YES;
				CLANG_ENABLE_OBJC_WEAK = YES;
				CLANG_WARN_BLOCK_CAPTURE_AUTORELEASING = YES;
				CLANG_WARN_BOOL_CONVERSION = YES;
				CLANG_WARN_COMMA = YES;
				CLANG_WARN_CONSTANT_CONVERSION = YES;
				CLANG_WARN_DEPRECATED_OBJC_IMPLEMENTATIONS = YES;
				CLANG_WARN_DIRECT_OBJC_ISA_USAGE = YES_ERROR;
				CLANG_WARN_DOCUMENTATION_COMMENTS = YES;
				CLANG_WARN_EMPTY_BODY = YES;
				CLANG_WARN_ENUM_CONVERSION = YES;
				CLANG_WARN_INFINITE_RECURSION = YES;
				CLANG_WARN_INT_CONVERSION = YES;
				CLANG_WARN_NON_LITERAL_NULL_CONVERSION = YES;
				CLANG_WARN_OBJC_IMPLICIT_RETAIN_SELF = YES;
				CLANG_WARN_OBJC_LITERAL_CONVERSION = YES;
				CLANG_WARN_OBJC_ROOT_CLASS = YES_ERROR;
				CLANG_WARN_RANGE_LOOP_ANALYSIS = YES;
				CLANG_WARN_STRICT_PROTOTYPES = YES;
				CLANG_WARN_SUSPICIOUS_MOVE = YES;
				CLANG_WARN_UNGUARDED_AVAILABILITY = YES_AGGRESSIVE;
				CLANG_WARN_UNREACHABLE_CODE = YES;
				CLANG_WARN__DUPLICATE_METHOD_MATCH = YES;
				COPY_PHASE_STRIP = NO;
				DEBUG_INFORMATION_FORMAT = "dwarf-with-dsym";
				ENABLE_NS_ASSERTIONS = NO;
				ENABLE_STRICT_OBJC_MSGSEND = YES;
				GCC_C_LANGUAGE_STANDARD = gnu11;
				GCC_NO_COMMON_BLOCKS = YES;
				GCC_WARN_64_TO_32_BIT_CONVERSION = YES;
				GCC_WARN_ABOUT_RETURN_TYPE = YES_ERROR;
				GCC_WARN_UNDECLARED_SELECTOR = YES;
				GCC_WARN_UNINITIALIZED_AUTOS = YES_AGGRESSIVE;
				GCC_WARN_UNUSED_FUNCTION = YES;
				GCC_WARN_UNUSED_VARIABLE = YES;
				IPHONEOS_DEPLOYMENT_TARGET = 13.0;
				MTL_ENABLE_DEBUG_INFO = NO;
				MTL_FAST_MATH = YES;
				SDKROOT = iphoneos;
				SWIFT_COMPILATION_MODE = wholemodule;
				SWIFT_OPTIMIZATION_LEVEL = "-O";
				VALIDATE_PRODUCT = YES;
			};
			name = Release;
		};
		29C61172237E3BAB00F673EE /* Debug */ = {
			isa = XCBuildConfiguration;
			buildSettings = {
				ASSETCATALOG_COMPILER_APPICON_NAME = AppIcon;
				CODE_SIGN_STYLE = Automatic;
				DEVELOPMENT_TEAM = 8M8SAX62V2;
				INFOPLIST_FILE = olGO/Info.plist;
				LD_RUNPATH_SEARCH_PATHS = (
					"$(inherited)",
					"@executable_path/Frameworks",
				);
				PRODUCT_BUNDLE_IDENTIFIER = ol.olGO;
				PRODUCT_NAME = "$(TARGET_NAME)";
				SWIFT_VERSION = 5.0;
				TARGETED_DEVICE_FAMILY = "1,2";
			};
			name = Debug;
		};
		29C61173237E3BAB00F673EE /* Release */ = {
			isa = XCBuildConfiguration;
			buildSettings = {
				ASSETCATALOG_COMPILER_APPICON_NAME = AppIcon;
				CODE_SIGN_STYLE = Automatic;
				DEVELOPMENT_TEAM = 8M8SAX62V2;
				INFOPLIST_FILE = olGO/Info.plist;
				LD_RUNPATH_SEARCH_PATHS = (
					"$(inherited)",
					"@executable_path/Frameworks",
				);
				PRODUCT_BUNDLE_IDENTIFIER = ol.olGO;
				PRODUCT_NAME = "$(TARGET_NAME)";
				SWIFT_VERSION = 5.0;
				TARGETED_DEVICE_FAMILY = "1,2";
			};
			name = Release;
		};
		29C61175237E3BAB00F673EE /* Debug */ = {
			isa = XCBuildConfiguration;
			buildSettings = {
				ALWAYS_EMBED_SWIFT_STANDARD_LIBRARIES = YES;
				BUNDLE_LOADER = "$(TEST_HOST)";
				CODE_SIGN_STYLE = Automatic;
				DEVELOPMENT_TEAM = 8M8SAX62V2;
				INFOPLIST_FILE = olGOTests/Info.plist;
				IPHONEOS_DEPLOYMENT_TARGET = 13.0;
				LD_RUNPATH_SEARCH_PATHS = (
					"$(inherited)",
					"@executable_path/Frameworks",
					"@loader_path/Frameworks",
				);
				PRODUCT_BUNDLE_IDENTIFIER = ol.olGOTests;
				PRODUCT_NAME = "$(TARGET_NAME)";
				SWIFT_VERSION = 5.0;
				TARGETED_DEVICE_FAMILY = "1,2";
				TEST_HOST = "$(BUILT_PRODUCTS_DIR)/olGO.app/olGO";
			};
			name = Debug;
		};
		29C61176237E3BAB00F673EE /* Release */ = {
			isa = XCBuildConfiguration;
			buildSettings = {
				ALWAYS_EMBED_SWIFT_STANDARD_LIBRARIES = YES;
				BUNDLE_LOADER = "$(TEST_HOST)";
				CODE_SIGN_STYLE = Automatic;
				DEVELOPMENT_TEAM = 8M8SAX62V2;
				INFOPLIST_FILE = olGOTests/Info.plist;
				IPHONEOS_DEPLOYMENT_TARGET = 13.0;
				LD_RUNPATH_SEARCH_PATHS = (
					"$(inherited)",
					"@executable_path/Frameworks",
					"@loader_path/Frameworks",
				);
				PRODUCT_BUNDLE_IDENTIFIER = ol.olGOTests;
				PRODUCT_NAME = "$(TARGET_NAME)";
				SWIFT_VERSION = 5.0;
				TARGETED_DEVICE_FAMILY = "1,2";
				TEST_HOST = "$(BUILT_PRODUCTS_DIR)/olGO.app/olGO";
			};
			name = Release;
		};
		29C61178237E3BAB00F673EE /* Debug */ = {
			isa = XCBuildConfiguration;
			buildSettings = {
				ALWAYS_EMBED_SWIFT_STANDARD_LIBRARIES = YES;
				CODE_SIGN_STYLE = Automatic;
				DEVELOPMENT_TEAM = 8M8SAX62V2;
				INFOPLIST_FILE = olGOUITests/Info.plist;
				LD_RUNPATH_SEARCH_PATHS = (
					"$(inherited)",
					"@executable_path/Frameworks",
					"@loader_path/Frameworks",
				);
				PRODUCT_BUNDLE_IDENTIFIER = ol.olGOUITests;
				PRODUCT_NAME = "$(TARGET_NAME)";
				SWIFT_VERSION = 5.0;
				TARGETED_DEVICE_FAMILY = "1,2";
				TEST_TARGET_NAME = olGO;
			};
			name = Debug;
		};
		29C61179237E3BAB00F673EE /* Release */ = {
			isa = XCBuildConfiguration;
			buildSettings = {
				ALWAYS_EMBED_SWIFT_STANDARD_LIBRARIES = YES;
				CODE_SIGN_STYLE = Automatic;
				DEVELOPMENT_TEAM = 8M8SAX62V2;
				INFOPLIST_FILE = olGOUITests/Info.plist;
				LD_RUNPATH_SEARCH_PATHS = (
					"$(inherited)",
					"@executable_path/Frameworks",
					"@loader_path/Frameworks",
				);
				PRODUCT_BUNDLE_IDENTIFIER = ol.olGOUITests;
				PRODUCT_NAME = "$(TARGET_NAME)";
				SWIFT_VERSION = 5.0;
				TARGETED_DEVICE_FAMILY = "1,2";
				TEST_TARGET_NAME = olGO;
			};
			name = Release;
		};
/* End XCBuildConfiguration section */

/* Begin XCConfigurationList section */
		29C61142237E3BA900F673EE /* Build configuration list for PBXProject "olGO" */ = {
			isa = XCConfigurationList;
			buildConfigurations = (
				29C6116F237E3BAB00F673EE /* Debug */,
				29C61170237E3BAB00F673EE /* Release */,
			);
			defaultConfigurationIsVisible = 0;
			defaultConfigurationName = Release;
		};
		29C61171237E3BAB00F673EE /* Build configuration list for PBXNativeTarget "olGO" */ = {
			isa = XCConfigurationList;
			buildConfigurations = (
				29C61172237E3BAB00F673EE /* Debug */,
				29C61173237E3BAB00F673EE /* Release */,
			);
			defaultConfigurationIsVisible = 0;
			defaultConfigurationName = Release;
		};
		29C61174237E3BAB00F673EE /* Build configuration list for PBXNativeTarget "olGOTests" */ = {
			isa = XCConfigurationList;
			buildConfigurations = (
				29C61175237E3BAB00F673EE /* Debug */,
				29C61176237E3BAB00F673EE /* Release */,
			);
			defaultConfigurationIsVisible = 0;
			defaultConfigurationName = Release;
		};
		29C61177237E3BAB00F673EE /* Build configuration list for PBXNativeTarget "olGOUITests" */ = {
			isa = XCConfigurationList;
			buildConfigurations = (
				29C61178237E3BAB00F673EE /* Debug */,
				29C61179237E3BAB00F673EE /* Release */,
			);
			defaultConfigurationIsVisible = 0;
			defaultConfigurationName = Release;
		};
/* End XCConfigurationList section */

/* Begin XCRemoteSwiftPackageReference section */
		29C6117C237E3CE400F673EE /* XCRemoteSwiftPackageReference "SwiftUIKit" */ = {
			isa = XCRemoteSwiftPackageReference;
			repositoryURL = "https://github.com/zmeriksen/SwiftUIKit.git";
			requirement = {
				branch = develop;
				kind = branch;
			};
		};
/* End XCRemoteSwiftPackageReference section */

/* Begin XCSwiftPackageProductDependency section */
		29C6117D237E3CE400F673EE /* SwiftUIKit */ = {
			isa = XCSwiftPackageProductDependency;
			package = 29C6117C237E3CE400F673EE /* XCRemoteSwiftPackageReference "SwiftUIKit" */;
			productName = SwiftUIKit;
		};
/* End XCSwiftPackageProductDependency section */
	};
	rootObject = 29C6113F237E3BA900F673EE /* Project object */;
}
