{
  "object": {
    "pins": [
      {
        "package": "SwiftUIKit",
        "repositoryURL": "https://github.com/zmeriksen/SwiftUIKit.git",
        "state": {
          "branch": "master",
          "revision": "a151981cf4d810e3c2b5e6c411fa6803775d0383",
          "version": null
        }
      }
    ]
  },
  "version": 1
}
