{
  "object": {
    "pins": [
      {
        "package": "SwiftUIKit",
        "repositoryURL": "https://github.com/zmeriksen/SwiftUIKit.git",
        "state": {
          "branch": "master",
          "revision": "a69bf33115f153727d8e0e7a72d2c9bed821ccba",
          "version": null
        }
      }
    ]
  },
  "version": 1
}
