{
  "object": {
    "pins": [
      {
        "package": "SwiftUIKit",
        "repositoryURL": "https://github.com/zmeriksen/SwiftUIKit.git",
        "state": {
          "branch": "feature/Buttons!",
          "revision": "591b303d920965ef03b380d186ad77f0632fe864",
          "version": null
        }
      }
    ]
  },
  "version": 1
}
